
Microsoft Visual Studio Solution File, Format Version 12.00
# Visual Studio Version 16
VisualStudioVersion = 16.0.31129.286
MinimumVisualStudioVersion = 10.0.40219.1
Project("{FAE04EC0-301F-11D3-BF4B-00C04F79EFBC}") = "SleepTracker.Android", "SleepTracker\SleepTracker.Android\SleepTracker.Android.csproj", "{73B93B74-68A8-4FC1-9FD2-6173E3950B80}"
EndProject
Project("{FAE04EC0-301F-11D3-BF4B-00C04F79EFBC}") = "SleepTracker.iOS", "SleepTracker\SleepTracker.iOS\SleepTracker.iOS.csproj", "{137795BC-13E3-4ED3-902F-6DF416D3E8D5}"
EndProject
Project("{FAE04EC0-301F-11D3-BF4B-00C04F79EFBC}") = "SleepTracker", "SleepTracker\SleepTracker\SleepTracker.csproj", "{2ADC59B9-30E6-48D8-A7A4-564D85AB92DD}"
EndProject
Global
	GlobalSection(SolutionConfigurationPlatforms) = preSolution
		Debug|Any CPU = Debug|Any CPU
		Debug|iPhone = Debug|iPhone
		Debug|iPhoneSimulator = Debug|iPhoneSimulator
		Release|Any CPU = Release|Any CPU
		Release|iPhone = Release|iPhone
		Release|iPhoneSimulator = Release|iPhoneSimulator
	EndGlobalSection
	GlobalSection(ProjectConfigurationPlatforms) = postSolution
		{73B93B74-68A8-4FC1-9FD2-6173E3950B80}.Debug|Any CPU.ActiveCfg = Debug|Any CPU
		{73B93B74-68A8-4FC1-9FD2-6173E3950B80}.Debug|Any CPU.Build.0 = Debug|Any CPU
		{73B93B74-68A8-4FC1-9FD2-6173E3950B80}.Debug|Any CPU.Deploy.0 = Debug|Any CPU
		{73B93B74-68A8-4FC1-9FD2-6173E3950B80}.Debug|iPhone.ActiveCfg = Debug|Any CPU
		{73B93B74-68A8-4FC1-9FD2-6173E3950B80}.Debug|iPhone.Build.0 = Debug|Any CPU
		{73B93B74-68A8-4FC1-9FD2-6173E3950B80}.Debug|iPhone.Deploy.0 = Debug|Any CPU
		{73B93B74-68A8-4FC1-9FD2-6173E3950B80}.Debug|iPhoneSimulator.ActiveCfg = Debug|Any CPU
		{73B93B74-68A8-4FC1-9FD2-6173E3950B80}.Debug|iPhoneSimulator.Build.0 = Debug|Any CPU
		{73B93B74-68A8-4FC1-9FD2-6173E3950B80}.Debug|iPhoneSimulator.Deploy.0 = Debug|Any CPU
		{73B93B74-68A8-4FC1-9FD2-6173E3950B80}.Release|Any CPU.ActiveCfg = Release|Any CPU
		{73B93B74-68A8-4FC1-9FD2-6173E3950B80}.Release|Any CPU.Build.0 = Release|Any CPU
		{73B93B74-68A8-4FC1-9FD2-6173E3950B80}.Release|Any CPU.Deploy.0 = Release|Any CPU
		{73B93B74-68A8-4FC1-9FD2-6173E3950B80}.Release|iPhone.ActiveCfg = Release|Any CPU
		{73B93B74-68A8-4FC1-9FD2-6173E3950B80}.Release|iPhone.Build.0 = Release|Any CPU
		{73B93B74-68A8-4FC1-9FD2-6173E3950B80}.Release|iPhone.Deploy.0 = Release|Any CPU
		{73B93B74-68A8-4FC1-9FD2-6173E3950B80}.Release|iPhoneSimulator.ActiveCfg = Release|Any CPU
		{73B93B74-68A8-4FC1-9FD2-6173E3950B80}.Release|iPhoneSimulator.Build.0 = Release|Any CPU
		{73B93B74-68A8-4FC1-9FD2-6173E3950B80}.Release|iPhoneSimulator.Deploy.0 = Release|Any CPU
		{137795BC-13E3-4ED3-902F-6DF416D3E8D5}.Debug|Any CPU.ActiveCfg = Debug|iPhone
		{137795BC-13E3-4ED3-902F-6DF416D3E8D5}.Debug|Any CPU.Build.0 = Debug|iPhone
		{137795BC-13E3-4ED3-902F-6DF416D3E8D5}.Debug|Any CPU.Deploy.0 = Debug|iPhone
		{137795BC-13E3-4ED3-902F-6DF416D3E8D5}.Debug|iPhone.ActiveCfg = Debug|iPhone
		{137795BC-13E3-4ED3-902F-6DF416D3E8D5}.Debug|iPhone.Build.0 = Debug|iPhone
		{137795BC-13E3-4ED3-902F-6DF416D3E8D5}.Debug|iPhone.Deploy.0 = Debug|iPhone
		{137795BC-13E3-4ED3-902F-6DF416D3E8D5}.Debug|iPhoneSimulator.ActiveCfg = Debug|iPhoneSimulator
		{137795BC-13E3-4ED3-902F-6DF416D3E8D5}.Debug|iPhoneSimulator.Build.0 = Debug|iPhoneSimulator
		{137795BC-13E3-4ED3-902F-6DF416D3E8D5}.Debug|iPhoneSimulator.Deploy.0 = Debug|iPhoneSimulator
		{137795BC-13E3-4ED3-902F-6DF416D3E8D5}.Release|Any CPU.ActiveCfg = Release|iPhoneSimulator
		{137795BC-13E3-4ED3-902F-6DF416D3E8D5}.Release|Any CPU.Build.0 = Release|iPhoneSimulator
		{137795BC-13E3-4ED3-902F-6DF416D3E8D5}.Release|Any CPU.Deploy.0 = Release|iPhoneSimulator
		{137795BC-13E3-4ED3-902F-6DF416D3E8D5}.Release|iPhone.ActiveCfg = Release|iPhone
		{137795BC-13E3-4ED3-902F-6DF416D3E8D5}.Release|iPhone.Build.0 = Release|iPhone
		{137795BC-13E3-4ED3-902F-6DF416D3E8D5}.Release|iPhone.Deploy.0 = Release|iPhone
		{137795BC-13E3-4ED3-902F-6DF416D3E8D5}.Release|iPhoneSimulator.ActiveCfg = Release|iPhoneSimulator
		{137795BC-13E3-4ED3-902F-6DF416D3E8D5}.Release|iPhoneSimulator.Build.0 = Release|iPhoneSimulator
		{137795BC-13E3-4ED3-902F-6DF416D3E8D5}.Release|iPhoneSimulator.Deploy.0 = Release|iPhoneSimulator
		{2ADC59B9-30E6-48D8-A7A4-564D85AB92DD}.Debug|Any CPU.ActiveCfg = Debug|Any CPU
		{2ADC59B9-30E6-48D8-A7A4-564D85AB92DD}.Debug|Any CPU.Build.0 = Debug|Any CPU
		{2ADC59B9-30E6-48D8-A7A4-564D85AB92DD}.Debug|Any CPU.Deploy.0 = Debug|Any CPU
		{2ADC59B9-30E6-48D8-A7A4-564D85AB92DD}.Debug|iPhone.ActiveCfg = Debug|Any CPU
		{2ADC59B9-30E6-48D8-A7A4-564D85AB92DD}.Debug|iPhone.Build.0 = Debug|Any CPU
		{2ADC59B9-30E6-48D8-A7A4-564D85AB92DD}.Debug|iPhone.Deploy.0 = Debug|Any CPU
		{2ADC59B9-30E6-48D8-A7A4-564D85AB92DD}.Debug|iPhoneSimulator.ActiveCfg = Debug|Any CPU
		{2ADC59B9-30E6-48D8-A7A4-564D85AB92DD}.Debug|iPhoneSimulator.Build.0 = Debug|Any CPU
		{2ADC59B9-30E6-48D8-A7A4-564D85AB92DD}.Debug|iPhoneSimulator.Deploy.0 = Debug|Any CPU
		{2ADC59B9-30E6-48D8-A7A4-564D85AB92DD}.Release|Any CPU.ActiveCfg = Release|Any CPU
		{2ADC59B9-30E6-48D8-A7A4-564D85AB92DD}.Release|Any CPU.Build.0 = Release|Any CPU
		{2ADC59B9-30E6-48D8-A7A4-564D85AB92DD}.Release|Any CPU.Deploy.0 = Release|Any CPU
		{2ADC59B9-30E6-48D8-A7A4-564D85AB92DD}.Release|iPhone.ActiveCfg = Release|Any CPU
		{2ADC59B9-30E6-48D8-A7A4-564D85AB92DD}.Release|iPhone.Build.0 = Release|Any CPU
		{2ADC59B9-30E6-48D8-A7A4-564D85AB92DD}.Release|iPhone.Deploy.0 = Release|Any CPU
		{2ADC59B9-30E6-48D8-A7A4-564D85AB92DD}.Release|iPhoneSimulator.ActiveCfg = Release|Any CPU
		{2ADC59B9-30E6-48D8-A7A4-564D85AB92DD}.Release|iPhoneSimulator.Build.0 = Release|Any CPU
		{2ADC59B9-30E6-48D8-A7A4-564D85AB92DD}.Release|iPhoneSimulator.Deploy.0 = Release|Any CPU
	EndGlobalSection
	GlobalSection(SolutionProperties) = preSolution
		HideSolutionNode = FALSE
	EndGlobalSection
	GlobalSection(ExtensibilityGlobals) = postSolution
		SolutionGuid = {ACC79A2B-F63F-43BB-9766-60202336053A}
	EndGlobalSection
EndGlobal
